
Microsoft Visual Studio Solution File, Format Version 12.00
# Visual Studio 15
VisualStudioVersion = 15.0.28307.1169
MinimumVisualStudioVersion = 10.0.40219.1
Project("{FAE04EC0-301F-11D3-BF4B-00C04F79EFBC}") = "calculatorProj", "calculatorProj\calculatorProj.csproj", "{626F6C1C-277A-4D3E-9F5E-41E39D8A26B2}"
EndProject
Global
	GlobalSection(SolutionConfigurationPlatforms) = preSolution
		Debug|Any CPU = Debug|Any CPU
		Release|Any CPU = Release|Any CPU
	EndGlobalSection
	GlobalSection(ProjectConfigurationPlatforms) = postSolution
		{626F6C1C-277A-4D3E-9F5E-41E39D8A26B2}.Debug|Any CPU.ActiveCfg = Debug|Any CPU
		{626F6C1C-277A-4D3E-9F5E-41E39D8A26B2}.Debug|Any CPU.Build.0 = Debug|Any CPU
		{626F6C1C-277A-4D3E-9F5E-41E39D8A26B2}.Release|Any CPU.ActiveCfg = Release|Any CPU
		{626F6C1C-277A-4D3E-9F5E-41E39D8A26B2}.Release|Any CPU.Build.0 = Release|Any CPU
	EndGlobalSection
	GlobalSection(SolutionProperties) = preSolution
		HideSolutionNode = FALSE
	EndGlobalSection
	GlobalSection(ExtensibilityGlobals) = postSolution
		SolutionGuid = {606A6A8C-3AA2-480A-A4F6-3C88CD7BD418}
	EndGlobalSection
EndGlobal
